
Microsoft Visual Studio Solution File, Format Version 12.00
# Visual Studio Version 17
VisualStudioVersion = 17.14.36429.23 d17.14
MinimumVisualStudioVersion = 10.0.40219.1
Project("{FAE04EC0-301F-11D3-BF4B-00C04F79EFBC}") = "hada-p2", "hada-p2\hada-p2.csproj", "{19E41C0A-00AF-476F-8C73-F621CD0335EA}"
EndProject
Global
	GlobalSection(SolutionConfigurationPlatforms) = preSolution
		Debug|Any CPU = Debug|Any CPU
		Release|Any CPU = Release|Any CPU
	EndGlobalSection
	GlobalSection(ProjectConfigurationPlatforms) = postSolution
		{19E41C0A-00AF-476F-8C73-F621CD0335EA}.Debug|Any CPU.ActiveCfg = Debug|Any CPU
		{19E41C0A-00AF-476F-8C73-F621CD0335EA}.Debug|Any CPU.Build.0 = Debug|Any CPU
		{19E41C0A-00AF-476F-8C73-F621CD0335EA}.Release|Any CPU.ActiveCfg = Release|Any CPU
		{19E41C0A-00AF-476F-8C73-F621CD0335EA}.Release|Any CPU.Build.0 = Release|Any CPU
	EndGlobalSection
	GlobalSection(SolutionProperties) = preSolution
		HideSolutionNode = FALSE
	EndGlobalSection
	GlobalSection(ExtensibilityGlobals) = postSolution
		SolutionGuid = {E26AEBD9-4B5D-42D6-AF4F-2B7FB297C783}
	EndGlobalSection
EndGlobal
